PODS:
  - KingBaseCategory/NSDate+ (0.3.7)
  - KingBaseCategory/NSFileManager+ (0.3.7):
    - KingBaseCategory/NSDate+
  - KingBaseCategory/NSObject+ (0.3.7)
  - KingBaseCategory/UIApplication+ (0.3.7)
  - KingBaseCategory/UIFont+ (0.3.7):
    - KingBaseCategory/NSObject+
  - KingBaseCategory/UIImage+ (0.3.7)
  - Masonry (1.0.2)
  - MHBaseConst (0.0.5)
  - MHImagePicker (0.0.2):
    - KingBaseCategory/NSDate+
    - KingBaseCategory/NSFileManager+
    - KingBaseCategory/UIApplication+
    - MHPopupView/MHPopupView
    - MHToolMall/MHAVFormatShop
  - MHPopupView/MHPopupView (0.0.3):
    - KingBaseCategory/UIFont+
    - KingBaseCategory/UIImage+
    - Masonry (~> 1.0.2)
  - MHToolMall/MHAVFormatShop (0.0.3):
    - KingBaseCategory/NSDate+
    - KingBaseCategory/NSFileManager+
    - MHBaseConst

DEPENDENCIES:
  - MHImagePicker (from `../`)

EXTERNAL SOURCES:
  MHImagePicker:
    :path: ../

SPEC CHECKSUMS:
  KingBaseCategory: 0f9664966d3b83e0cd17c6feb1f8c606a608a291
  Masonry: 7c429b56da9d4ee0bbb3ed77a5ea710d6a5df39e
  MHBaseConst: 3fcac0b58a2b3b3c81cf0380de3b0c6a775047e6
  MHImagePicker: 112b8db69bfd4ed244a4ea8f16fc93b3cf3ffa9e
  MHPopupView: 28af16c3db86fccc4939856ff3adb8cefa76006b
  MHToolMall: 59bfc87f299fbb20d8af4bbcaa2fde0f0dea6218

PODFILE CHECKSUM: 6fb46b017a3e43c85a9de8e1c7c8106c0e99a959

COCOAPODS: 1.4.0
