// !$*UTF8*$!
{
	archiveVersion = 1;
	classes = {
	};
	objectVersion = 46;
	objects = {

/* Begin PBXBuildFile section */
		09C1724C1F3AEC5700AC4DA7 /* MHImagePickerManager.m in Sources */ = {isa = PBXBuildFile; fileRef = 09C1724B1F3AEC5700AC4DA7 /* MHImagePickerManager.m */; };
		09E3193C1F306B97004B4F8E /* main.m in Sources */ = {isa = PBXBuildFile; fileRef = 09E3193B1F306B97004B4F8E /* main.m */; };
		09E3193F1F306B97004B4F8E /* AppDelegate.m in Sources */ = {isa = PBXBuildFile; fileRef = 09E3193E1F306B97004B4F8E /* AppDelegate.m */; };
		09E319421F306B97004B4F8E /* ViewController.m in Sources */ = {isa = PBXBuildFile; fileRef = 09E319411F306B97004B4F8E /* ViewController.m */; };
		09E319451F306B97004B4F8E /* Main.storyboard in Resources */ = {isa = PBXBuildFile; fileRef = 09E319431F306B97004B4F8E /* Main.storyboard */; };
		09E319471F306B97004B4F8E /* Assets.xcassets in Resources */ = {isa = PBXBuildFile; fileRef = 09E319461F306B97004B4F8E /* Assets.xcassets */; };
		09E3194A1F306B97004B4F8E /* LaunchScreen.storyboard in Resources */ = {isa = PBXBuildFile; fileRef = 09E319481F306B97004B4F8E /* LaunchScreen.storyboard */; };
		B29A059479DA16561CE5F2E6 /* Pods_MHImagePickerDemo.framework in Frameworks */ = {isa = PBXBuildFile; fileRef = 87A1A2A8F08E44C5333EB045 /* Pods_MHImagePickerDemo.framework */; };
/* End PBXBuildFile section */

/* Begin PBXFileReference section */
		09C1724A1F3AEC5700AC4DA7 /* MHImagePickerManager.h */ = {isa = PBXFileReference; fileEncoding = 4; lastKnownFileType = sourcecode.c.h; path = MHImagePickerManager.h; sourceTree = "<group>"; };
		09C1724B1F3AEC5700AC4DA7 /* MHImagePickerManager.m */ = {isa = PBXFileReference; fileEncoding = 4; lastKnownFileType = sourcecode.c.objc; path = MHImagePickerManager.m; sourceTree = "<group>"; };
		09E319371F306B97004B4F8E /* MHImagePickerDemo.app */ = {isa = PBXFileReference; explicitFileType = wrapper.application; includeInIndex = 0; path = MHImagePickerDemo.app; sourceTree = BUILT_PRODUCTS_DIR; };
		09E3193B1F306B97004B4F8E /* main.m */ = {isa = PBXFileReference; lastKnownFileType = sourcecode.c.objc; path = main.m; sourceTree = "<group>"; };
		09E3193D1F306B97004B4F8E /* AppDelegate.h */ = {isa = PBXFileReference; lastKnownFileType = sourcecode.c.h; path = AppDelegate.h; sourceTree = "<group>"; };
		09E3193E1F306B97004B4F8E /* AppDelegate.m */ = {isa = PBXFileReference; lastKnownFileType = sourcecode.c.objc; path = AppDelegate.m; sourceTree = "<group>"; };
		09E319401F306B97004B4F8E /* ViewController.h */ = {isa = PBXFileReference; lastKnownFileType = sourcecode.c.h; path = ViewController.h; sourceTree = "<group>"; };
		09E319411F306B97004B4F8E /* ViewController.m */ = {isa = PBXFileReference; lastKnownFileType = sourcecode.c.objc; path = ViewController.m; sourceTree = "<group>"; };
		09E319441F306B97004B4F8E /* Base */ = {isa = PBXFileReference; lastKnownFileType = file.storyboard; name = Base; path = Base.lproj/Main.storyboard; sourceTree = "<group>"; };
		09E319461F306B97004B4F8E /* Assets.xcassets */ = {isa = PBXFileReference; lastKnownFileType = folder.assetcatalog; path = Assets.xcassets; sourceTree = "<group>"; };
		09E319491F306B97004B4F8E /* Base */ = {isa = PBXFileReference; lastKnownFileType = file.storyboard; name = Base; path = Base.lproj/LaunchScreen.storyboard; sourceTree = "<group>"; };
		09E3194B1F306B97004B4F8E /* Info.plist */ = {isa = PBXFileReference; lastKnownFileType = text.plist.xml; path = Info.plist; sourceTree = "<group>"; };
		20D6ECBF0E924CD2DE733649 /* Pods-MHImagePickerDemo.debug.xcconfig */ = {isa = PBXFileReference; includeInIndex = 1; lastKnownFileType = text.xcconfig; name = "Pods-MHImagePickerDemo.debug.xcconfig"; path = "Pods/Target Support Files/Pods-MHImagePickerDemo/Pods-MHImagePickerDemo.debug.xcconfig"; sourceTree = "<group>"; };
		87A1A2A8F08E44C5333EB045 /* Pods_MHImagePickerDemo.framework */ = {isa = PBXFileReference; explicitFileType = wrapper.framework; includeInIndex = 0; path = Pods_MHImagePickerDemo.framework; sourceTree = BUILT_PRODUCTS_DIR; };
		E500269F2E077136277C381F /* Pods-MHImagePickerDemo.release.xcconfig */ = {isa = PBXFileReference; includeInIndex = 1; lastKnownFileType = text.xcconfig; name = "Pods-MHImagePickerDemo.release.xcconfig"; path = "Pods/Target Support Files/Pods-MHImagePickerDemo/Pods-MHImagePickerDemo.release.xcconfig"; sourceTree = "<group>"; };
/* End PBXFileReference section */

/* Begin PBXFrameworksBuildPhase section */
		09E319341F306B97004B4F8E /* Frameworks */ = {
			isa = PBXFrameworksBuildPhase;
			buildActionMask = 2147483647;
			files = (
				B29A059479DA16561CE5F2E6 /* Pods_MHImagePickerDemo.framework in Frameworks */,
			);
			runOnlyForDeploymentPostprocessing = 0;
		};
/* End PBXFrameworksBuildPhase section */

/* Begin PBXGroup section */
		09E3192E1F306B96004B4F8E = {
			isa = PBXGroup;
			children = (
				09E319391F306B97004B4F8E /* MHImagePickerDemo */,
				09E319381F306B97004B4F8E /* Products */,
				A69BF6FC60D8250B1694984D /* Pods */,
				A56B40B1D60F451BB332869C /* Frameworks */,
			);
			sourceTree = "<group>";
		};
		09E319381F306B97004B4F8E /* Products */ = {
			isa = PBXGroup;
			children = (
				09E319371F306B97004B4F8E /* MHImagePickerDemo.app */,
			);
			name = Products;
			sourceTree = "<group>";
		};
		09E319391F306B97004B4F8E /* MHImagePickerDemo */ = {
			isa = PBXGroup;
			children = (
				09E3193D1F306B97004B4F8E /* AppDelegate.h */,
				09E3193E1F306B97004B4F8E /* AppDelegate.m */,
				09E319401F306B97004B4F8E /* ViewController.h */,
				09E319411F306B97004B4F8E /* ViewController.m */,
				09C1724A1F3AEC5700AC4DA7 /* MHImagePickerManager.h */,
				09C1724B1F3AEC5700AC4DA7 /* MHImagePickerManager.m */,
				09E319431F306B97004B4F8E /* Main.storyboard */,
				09E319461F306B97004B4F8E /* Assets.xcassets */,
				09E319481F306B97004B4F8E /* LaunchScreen.storyboard */,
				09E3194B1F306B97004B4F8E /* Info.plist */,
				09E3193A1F306B97004B4F8E /* Supporting Files */,
			);
			path = MHImagePickerDemo;
			sourceTree = "<group>";
		};
		09E3193A1F306B97004B4F8E /* Supporting Files */ = {
			isa = PBXGroup;
			children = (
				09E3193B1F306B97004B4F8E /* main.m */,
			);
			name = "Supporting Files";
			sourceTree = "<group>";
		};
		A56B40B1D60F451BB332869C /* Frameworks */ = {
			isa = PBXGroup;
			children = (
				87A1A2A8F08E44C5333EB045 /* Pods_MHImagePickerDemo.framework */,
			);
			name = Frameworks;
			sourceTree = "<group>";
		};
		A69BF6FC60D8250B1694984D /* Pods */ = {
			isa = PBXGroup;
			children = (
				20D6ECBF0E924CD2DE733649 /* Pods-MHImagePickerDemo.debug.xcconfig */,
				E500269F2E077136277C381F /* Pods-MHImagePickerDemo.release.xcconfig */,
			);
			name = Pods;
			sourceTree = "<group>";
		};
/* End PBXGroup section */

/* Begin PBXNativeTarget section */
		09E319361F306B97004B4F8E /* MHImagePickerDemo */ = {
			isa = PBXNativeTarget;
			buildConfigurationList = 09E3194E1F306B97004B4F8E /* Build configuration list for PBXNativeTarget "MHImagePickerDemo" */;
			buildPhases = (
				3778F91102B6CBE494807AAB /* [CP] Check Pods Manifest.lock */,
				09E319331F306B97004B4F8E /* Sources */,
				09E319341F306B97004B4F8E /* Frameworks */,
				09E319351F306B97004B4F8E /* Resources */,
				5F325ADFE2D75ECE912D8DBC /* [CP] Embed Pods Frameworks */,
				8DAE6E1F56D63A9A535ECC34 /* [CP] Copy Pods Resources */,
			);
			buildRules = (
			);
			dependencies = (
			);
			name = MHImagePickerDemo;
			productName = MHImagePickerDemo;
			productReference = 09E319371F306B97004B4F8E /* MHImagePickerDemo.app */;
			productType = "com.apple.product-type.application";
		};
/* End PBXNativeTarget section */

/* Begin PBXProject section */
		09E3192F1F306B96004B4F8E /* Project object */ = {
			isa = PBXProject;
			attributes = {
				LastUpgradeCheck = 0830;
				ORGANIZATIONNAME = J;
				TargetAttributes = {
					09E319361F306B97004B4F8E = {
						CreatedOnToolsVersion = 8.3.3;
						DevelopmentTeam = ZN667QX87P;
						ProvisioningStyle = Automatic;
					};
				};
			};
			buildConfigurationList = 09E319321F306B96004B4F8E /* Build configuration list for PBXProject "MHImagePickerDemo" */;
			compatibilityVersion = "Xcode 3.2";
			developmentRegion = English;
			hasScannedForEncodings = 0;
			knownRegions = (
				en,
				Base,
			);
			mainGroup = 09E3192E1F306B96004B4F8E;
			productRefGroup = 09E319381F306B97004B4F8E /* Products */;
			projectDirPath = "";
			projectRoot = "";
			targets = (
				09E319361F306B97004B4F8E /* MHImagePickerDemo */,
			);
		};
/* End PBXProject section */

/* Begin PBXResourcesBuildPhase section */
		09E319351F306B97004B4F8E /* Resources */ = {
			isa = PBXResourcesBuildPhase;
			buildActionMask = 2147483647;
			files = (
				09E3194A1F306B97004B4F8E /* LaunchScreen.storyboard in Resources */,
				09E319471F306B97004B4F8E /* Assets.xcassets in Resources */,
				09E319451F306B97004B4F8E /* Main.storyboard in Resources */,
			);
			runOnlyForDeploymentPostprocessing = 0;
		};
/* End PBXResourcesBuildPhase section */

/* Begin PBXShellScriptBuildPhase section */
		3778F91102B6CBE494807AAB /* [CP] Check Pods Manifest.lock */ = {
			isa = PBXShellScriptBuildPhase;
			buildActionMask = 2147483647;
			files = (
			);
			inputPaths = (
				"${PODS_PODFILE_DIR_PATH}/Podfile.lock",
				"${PODS_ROOT}/Manifest.lock",
			);
			name = "[CP] Check Pods Manifest.lock";
			outputPaths = (
				"$(DERIVED_FILE_DIR)/Pods-MHImagePickerDemo-checkManifestLockResult.txt",
			);
			runOnlyForDeploymentPostprocessing = 0;
			shellPath = /bin/sh;
			shellScript = "diff \"${PODS_PODFILE_DIR_PATH}/Podfile.lock\" \"${PODS_ROOT}/Manifest.lock\" > /dev/null\nif [ $? != 0 ] ; then\n    # print error to STDERR\n    echo \"error: The sandbox is not in sync with the Podfile.lock. Run 'pod install' or update your CocoaPods installation.\" >&2\n    exit 1\nfi\n# This output is used by Xcode 'outputs' to avoid re-running this script phase.\necho \"SUCCESS\" > \"${SCRIPT_OUTPUT_FILE_0}\"\n";
			showEnvVarsInLog = 0;
		};
		5F325ADFE2D75ECE912D8DBC /* [CP] Embed Pods Frameworks */ = {
			isa = PBXShellScriptBuildPhase;
			buildActionMask = 2147483647;
			files = (
			);
			inputPaths = (
				"${SRCROOT}/Pods/Target Support Files/Pods-MHImagePickerDemo/Pods-MHImagePickerDemo-frameworks.sh",
				"${BUILT_PRODUCTS_DIR}/KingBaseCategory/KingBaseCategory.framework",
				"${BUILT_PRODUCTS_DIR}/MHBaseConst/MHBaseConst.framework",
				"${BUILT_PRODUCTS_DIR}/MHImagePicker/MHImagePicker.framework",
				"${BUILT_PRODUCTS_DIR}/MHPopupView/MHPopupView.framework",
				"${BUILT_PRODUCTS_DIR}/MHToolMall/MHToolMall.framework",
				"${BUILT_PRODUCTS_DIR}/Masonry/Masonry.framework",
			);
			name = "[CP] Embed Pods Frameworks";
			outputPaths = (
				"${TARGET_BUILD_DIR}/${FRAMEWORKS_FOLDER_PATH}/KingBaseCategory.framework",
				"${TARGET_BUILD_DIR}/${FRAMEWORKS_FOLDER_PATH}/MHBaseConst.framework",
				"${TARGET_BUILD_DIR}/${FRAMEWORKS_FOLDER_PATH}/MHImagePicker.framework",
				"${TARGET_BUILD_DIR}/${FRAMEWORKS_FOLDER_PATH}/MHPopupView.framework",
				"${TARGET_BUILD_DIR}/${FRAMEWORKS_FOLDER_PATH}/MHToolMall.framework",
				"${TARGET_BUILD_DIR}/${FRAMEWORKS_FOLDER_PATH}/Masonry.framework",
			);
			runOnlyForDeploymentPostprocessing = 0;
			shellPath = /bin/sh;
			shellScript = "\"${SRCROOT}/Pods/Target Support Files/Pods-MHImagePickerDemo/Pods-MHImagePickerDemo-frameworks.sh\"\n";
			showEnvVarsInLog = 0;
		};
		8DAE6E1F56D63A9A535ECC34 /* [CP] Copy Pods Resources */ = {
			isa = PBXShellScriptBuildPhase;
			buildActionMask = 2147483647;
			files = (
			);
			inputPaths = (
			);
			name = "[CP] Copy Pods Resources";
			outputPaths = (
			);
			runOnlyForDeploymentPostprocessing = 0;
			shellPath = /bin/sh;
			shellScript = "\"${SRCROOT}/Pods/Target Support Files/Pods-MHImagePickerDemo/Pods-MHImagePickerDemo-resources.sh\"\n";
			showEnvVarsInLog = 0;
		};
/* End PBXShellScriptBuildPhase section */

/* Begin PBXSourcesBuildPhase section */
		09E319331F306B97004B4F8E /* Sources */ = {
			isa = PBXSourcesBuildPhase;
			buildActionMask = 2147483647;
			files = (
				09E319421F306B97004B4F8E /* ViewController.m in Sources */,
				09E3193F1F306B97004B4F8E /* AppDelegate.m in Sources */,
				09C1724C1F3AEC5700AC4DA7 /* MHImagePickerManager.m in Sources */,
				09E3193C1F306B97004B4F8E /* main.m in Sources */,
			);
			runOnlyForDeploymentPostprocessing = 0;
		};
/* End PBXSourcesBuildPhase section */

/* Begin PBXVariantGroup section */
		09E319431F306B97004B4F8E /* Main.storyboard */ = {
			isa = PBXVariantGroup;
			children = (
				09E319441F306B97004B4F8E /* Base */,
			);
			name = Main.storyboard;
			sourceTree = "<group>";
		};
		09E319481F306B97004B4F8E /* LaunchScreen.storyboard */ = {
			isa = PBXVariantGroup;
			children = (
				09E319491F306B97004B4F8E /* Base */,
			);
			name = LaunchScreen.storyboard;
			sourceTree = "<group>";
		};
/* End PBXVariantGroup section */

/* Begin XCBuildConfiguration section */
		09E3194C1F306B97004B4F8E /* Debug */ = {
			isa = XCBuildConfiguration;
			buildSettings = {
				ALWAYS_SEARCH_USER_PATHS = NO;
				CLANG_ANALYZER_NONNULL = YES;
				CLANG_ANALYZER_NUMBER_OBJECT_CONVERSION = YES_AGGRESSIVE;
				CLANG_CXX_LANGUAGE_STANDARD = "gnu++0x";
				CLANG_CXX_LIBRARY = "libc++";
				CLANG_ENABLE_MODULES = YES;
				CLANG_ENABLE_OBJC_ARC = YES;
				CLANG_WARN_BOOL_CONVERSION = YES;
				CLANG_WARN_CONSTANT_CONVERSION = YES;
				CLANG_WARN_DIRECT_OBJC_ISA_USAGE = YES_ERROR;
				CLANG_WARN_DOCUMENTATION_COMMENTS = YES;
				CLANG_WARN_EMPTY_BODY = YES;
				CLANG_WARN_ENUM_CONVERSION = YES;
				CLANG_WARN_INFINITE_RECURSION = YES;
				CLANG_WARN_INT_CONVERSION = YES;
				CLANG_WARN_OBJC_ROOT_CLASS = YES_ERROR;
				CLANG_WARN_SUSPICIOUS_MOVE = YES;
				CLANG_WARN_UNREACHABLE_CODE = YES;
				CLANG_WARN__DUPLICATE_METHOD_MATCH = YES;
				"CODE_SIGN_IDENTITY[sdk=iphoneos*]" = "iPhone Developer";
				COPY_PHASE_STRIP = NO;
				DEBUG_INFORMATION_FORMAT = dwarf;
				ENABLE_STRICT_OBJC_MSGSEND = YES;
				ENABLE_TESTABILITY = YES;
				GCC_C_LANGUAGE_STANDARD = gnu99;
				GCC_DYNAMIC_NO_PIC = NO;
				GCC_NO_COMMON_BLOCKS = YES;
				GCC_OPTIMIZATION_LEVEL = 0;
				GCC_PREPROCESSOR_DEFINITIONS = (
					"DEBUG=1",
					"$(inherited)",
				);
				GCC_WARN_64_TO_32_BIT_CONVERSION = YES;
				GCC_WARN_ABOUT_RETURN_TYPE = YES_ERROR;
				GCC_WARN_UNDECLARED_SELECTOR = YES;
				GCC_WARN_UNINITIALIZED_AUTOS = YES_AGGRESSIVE;
				GCC_WARN_UNUSED_FUNCTION = YES;
				GCC_WARN_UNUSED_VARIABLE = YES;
				IPHONEOS_DEPLOYMENT_TARGET = 9.0;
				MTL_ENABLE_DEBUG_INFO = YES;
				ONLY_ACTIVE_ARCH = YES;
				SDKROOT = iphoneos;
			};
			name = Debug;
		};
		09E3194D1F306B97004B4F8E /* Release */ = {
			isa = XCBuildConfiguration;
			buildSettings = {
				ALWAYS_SEARCH_USER_PATHS = NO;
				CLANG_ANALYZER_NONNULL = YES;
				CLANG_ANALYZER_NUMBER_OBJECT_CONVERSION = YES_AGGRESSIVE;
				CLANG_CXX_LANGUAGE_STANDARD = "gnu++0x";
				CLANG_CXX_LIBRARY = "libc++";
				CLANG_ENABLE_MODULES = YES;
				CLANG_ENABLE_OBJC_ARC = YES;
				CLANG_WARN_BOOL_CONVERSION = YES;
				CLANG_WARN_CONSTANT_CONVERSION = YES;
				CLANG_WARN_DIRECT_OBJC_ISA_USAGE = YES_ERROR;
				CLANG_WARN_DOCUMENTATION_COMMENTS = YES;
				CLANG_WARN_EMPTY_BODY = YES;
				CLANG_WARN_ENUM_CONVERSION = YES;
				CLANG_WARN_INFINITE_RECURSION = YES;
				CLANG_WARN_INT_CONVERSION = YES;
				CLANG_WARN_OBJC_ROOT_CLASS = YES_ERROR;
				CLANG_WARN_SUSPICIOUS_MOVE = YES;
				CLANG_WARN_UNREACHABLE_CODE = YES;
				CLANG_WARN__DUPLICATE_METHOD_MATCH = YES;
				"CODE_SIGN_IDENTITY[sdk=iphoneos*]" = "iPhone Developer";
				COPY_PHASE_STRIP = NO;
				DEBUG_INFORMATION_FORMAT = "dwarf-with-dsym";
				ENABLE_NS_ASSERTIONS = NO;
				ENABLE_STRICT_OBJC_MSGSEND = YES;
				GCC_C_LANGUAGE_STANDARD = gnu99;
				GCC_NO_COMMON_BLOCKS = YES;
				GCC_WARN_64_TO_32_BIT_CONVERSION = YES;
				GCC_WARN_ABOUT_RETURN_TYPE = YES_ERROR;
				GCC_WARN_UNDECLARED_SELECTOR = YES;
				GCC_WARN_UNINITIALIZED_AUTOS = YES_AGGRESSIVE;
				GCC_WARN_UNUSED_FUNCTION = YES;
				GCC_WARN_UNUSED_VARIABLE = YES;
				IPHONEOS_DEPLOYMENT_TARGET = 9.0;
				MTL_ENABLE_DEBUG_INFO = NO;
				SDKROOT = iphoneos;
				VALIDATE_PRODUCT = YES;
			};
			name = Release;
		};
		09E3194F1F306B97004B4F8E /* Debug */ = {
			isa = XCBuildConfiguration;
			baseConfigurationReference = 20D6ECBF0E924CD2DE733649 /* Pods-MHImagePickerDemo.debug.xcconfig */;
			buildSettings = {
				ASSETCATALOG_COMPILER_APPICON_NAME = AppIcon;
				DEVELOPMENT_TEAM = ZN667QX87P;
				INFOPLIST_FILE = MHImagePickerDemo/Info.plist;
				LD_RUNPATH_SEARCH_PATHS = "$(inherited) @executable_path/Frameworks";
				PRODUCT_BUNDLE_IDENTIFIER = com.king.MHImagePickerDemo;
				PRODUCT_NAME = "$(TARGET_NAME)";
			};
			name = Debug;
		};
		09E319501F306B97004B4F8E /* Release */ = {
			isa = XCBuildConfiguration;
			baseConfigurationReference = E500269F2E077136277C381F /* Pods-MHImagePickerDemo.release.xcconfig */;
			buildSettings = {
				ASSETCATALOG_COMPILER_APPICON_NAME = AppIcon;
				DEVELOPMENT_TEAM = ZN667QX87P;
				INFOPLIST_FILE = MHImagePickerDemo/Info.plist;
				LD_RUNPATH_SEARCH_PATHS = "$(inherited) @executable_path/Frameworks";
				PRODUCT_BUNDLE_IDENTIFIER = com.king.MHImagePickerDemo;
				PRODUCT_NAME = "$(TARGET_NAME)";
			};
			name = Release;
		};
/* End XCBuildConfiguration section */

/* Begin XCConfigurationList section */
		09E319321F306B96004B4F8E /* Build configuration list for PBXProject "MHImagePickerDemo" */ = {
			isa = XCConfigurationList;
			buildConfigurations = (
				09E3194C1F306B97004B4F8E /* Debug */,
				09E3194D1F306B97004B4F8E /* Release */,
			);
			defaultConfigurationIsVisible = 0;
			defaultConfigurationName = Release;
		};
		09E3194E1F306B97004B4F8E /* Build configuration list for PBXNativeTarget "MHImagePickerDemo" */ = {
			isa = XCConfigurationList;
			buildConfigurations = (
				09E3194F1F306B97004B4F8E /* Debug */,
				09E319501F306B97004B4F8E /* Release */,
			);
			defaultConfigurationIsVisible = 0;
			defaultConfigurationName = Release;
		};
/* End XCConfigurationList section */
	};
	rootObject = 09E3192F1F306B96004B4F8E /* Project object */;
}
